
Microsoft Visual Studio Solution File, Format Version 12.00
# Visual Studio Version 16
VisualStudioVersion = 16.0.31005.135
MinimumVisualStudioVersion = 10.0.40219.1
Project("{FAE04EC0-301F-11D3-BF4B-00C04F79EFBC}") = "TP1", "TP1\TP1.csproj", "{DA92772E-F4E5-4879-BCA5-776B316338F9}"
EndProject
Global
	GlobalSection(SolutionConfigurationPlatforms) = preSolution
		Debug|Any CPU = Debug|Any CPU
		Release|Any CPU = Release|Any CPU
	EndGlobalSection
	GlobalSection(ProjectConfigurationPlatforms) = postSolution
		{DA92772E-F4E5-4879-BCA5-776B316338F9}.Debug|Any CPU.ActiveCfg = Debug|Any CPU
		{DA92772E-F4E5-4879-BCA5-776B316338F9}.Debug|Any CPU.Build.0 = Debug|Any CPU
		{DA92772E-F4E5-4879-BCA5-776B316338F9}.Release|Any CPU.ActiveCfg = Release|Any CPU
		{DA92772E-F4E5-4879-BCA5-776B316338F9}.Release|Any CPU.Build.0 = Release|Any CPU
	EndGlobalSection
	GlobalSection(SolutionProperties) = preSolution
		HideSolutionNode = FALSE
	EndGlobalSection
	GlobalSection(ExtensibilityGlobals) = postSolution
		SolutionGuid = {18EB0A1E-ABF5-4043-AD78-7F2FA3E33052}
	EndGlobalSection
EndGlobal
