
Microsoft Visual Studio Solution File, Format Version 12.00
# Visual Studio Version 16
VisualStudioVersion = 16.0.31005.135
MinimumVisualStudioVersion = 10.0.40219.1
Project("{FAE04EC0-301F-11D3-BF4B-00C04F79EFBC}") = "TP1", "TP1\TP1.csproj", "{BE63F4D8-44C6-4922-BB05-DCBCC20DAD34}"
EndProject
Global
	GlobalSection(SolutionConfigurationPlatforms) = preSolution
		Debug|Any CPU = Debug|Any CPU
		Release|Any CPU = Release|Any CPU
	EndGlobalSection
	GlobalSection(ProjectConfigurationPlatforms) = postSolution
		{BE63F4D8-44C6-4922-BB05-DCBCC20DAD34}.Debug|Any CPU.ActiveCfg = Debug|Any CPU
		{BE63F4D8-44C6-4922-BB05-DCBCC20DAD34}.Debug|Any CPU.Build.0 = Debug|Any CPU
		{BE63F4D8-44C6-4922-BB05-DCBCC20DAD34}.Release|Any CPU.ActiveCfg = Release|Any CPU
		{BE63F4D8-44C6-4922-BB05-DCBCC20DAD34}.Release|Any CPU.Build.0 = Release|Any CPU
	EndGlobalSection
	GlobalSection(SolutionProperties) = preSolution
		HideSolutionNode = FALSE
	EndGlobalSection
	GlobalSection(ExtensibilityGlobals) = postSolution
		SolutionGuid = {04AA4911-6CBE-4A90-ABD1-D689314ED2C2}
	EndGlobalSection
EndGlobal
